
Microsoft Visual Studio Solution File, Format Version 12.00
# Visual Studio Version 16
VisualStudioVersion = 16.0.30320.27
MinimumVisualStudioVersion = 10.0.40219.1
Project("{2150E333-8FDC-42A3-9474-1A3956D46DE8}") = "Services", "Services", "{26BA9E31-4042-4473-9ACF-BA65E75A713D}"
EndProject
Project("{2150E333-8FDC-42A3-9474-1A3956D46DE8}") = "Catalogo", "Catalogo", "{67CF6320-E652-433A-BEC6-62729B724A9F}"
EndProject
Project("{2150E333-8FDC-42A3-9474-1A3956D46DE8}") = "Cadastros", "Cadastros", "{D9230FAE-6F73-4028-BF5D-774FCCCF4B97}"
EndProject
Project("{2150E333-8FDC-42A3-9474-1A3956D46DE8}") = "Pagamentos", "Pagamentos", "{3EB58499-31B0-4F74-B8BF-A8844A90E8BE}"
EndProject
Project("{2150E333-8FDC-42A3-9474-1A3956D46DE8}") = "Core", "Core", "{F53D52BF-3B36-4AE5-AA45-2A1B086C8623}"
EndProject
Project("{2150E333-8FDC-42A3-9474-1A3956D46DE8}") = "Vendas", "Vendas", "{0B3DC38E-9E9F-432E-95FC-00D8D6F63F33}"
EndProject
Project("{2150E333-8FDC-42A3-9474-1A3956D46DE8}") = "Fiscal", "Fiscal", "{33C02E3E-D5DE-47D3-A5B3-C77A2E58803A}"
EndProject
Project("{2150E333-8FDC-42A3-9474-1A3956D46DE8}") = "WebApps", "WebApps", "{C62C190E-E815-484E-93F5-254B38E8CFAD}"
EndProject
Project("{9A19103F-16F7-4668-BE54-9A1E7A4F7556}") = "NerdStore.Catalogo.Domain", "src\NerdStore.Catalogo.Domain\NerdStore.Catalogo.Domain.csproj", "{3C55EB73-0A13-41A0-88BA-116BFCD7E560}"
EndProject
Project("{9A19103F-16F7-4668-BE54-9A1E7A4F7556}") = "NerdStore.Core", "src\NerdStore.Core\NerdStore.Core.csproj", "{FB581E6A-2959-4C30-BFCB-D6944AC30142}"
EndProject
Project("{2150E333-8FDC-42A3-9474-1A3956D46DE8}") = "Tests", "Tests", "{86C60A03-4ECE-41C3-891F-9FBD10F90E22}"
EndProject
Project("{9A19103F-16F7-4668-BE54-9A1E7A4F7556}") = "NerdStore.Catalogo.Domain.Tests", "tests\NerdStore.Catalogo.Domain.Tests\NerdStore.Catalogo.Domain.Tests.csproj", "{DD956A2E-1F91-4E96-AFD1-0ED50F0C2C24}"
EndProject
Project("{9A19103F-16F7-4668-BE54-9A1E7A4F7556}") = "NerdStore.Catalogo.Infrastructure", "src\NerdStore.Catalogo.Infrastructure\NerdStore.Catalogo.Infrastructure.csproj", "{9ABF0788-7D15-4FC9-81B1-E4D7A4B650F2}"
EndProject
Project("{9A19103F-16F7-4668-BE54-9A1E7A4F7556}") = "NerdStore.Catalogo.Application", "src\NerdStore.Catalogo.Application\NerdStore.Catalogo.Application.csproj", "{1B6FBFDF-583B-4E50-8CF0-EB9FC1A2CA1E}"
EndProject
Project("{9A19103F-16F7-4668-BE54-9A1E7A4F7556}") = "NerdStore.WebApp.MVC", "src\NerdStore.WebApp.MVC\NerdStore.WebApp.MVC.csproj", "{BAD89852-A2C3-4072-B34E-DE893A26DA12}"
EndProject
Project("{9A19103F-16F7-4668-BE54-9A1E7A4F7556}") = "NerdStore.Vendas.Domain", "src\NerdStore.Vendas.Domain\NerdStore.Vendas.Domain.csproj", "{1A39754D-B854-478F-9E19-287D1D9621CD}"
EndProject
Project("{FAE04EC0-301F-11D3-BF4B-00C04F79EFBC}") = "NerdStore.Vendas.Application", "src\NerdStore.Vendas.Application\NerdStore.Vendas.Application.csproj", "{2DB9F586-56FB-4C88-A064-3ADEA6AE89E2}"
EndProject
Project("{FAE04EC0-301F-11D3-BF4B-00C04F79EFBC}") = "NerdStore.Vendas.Infraestructure", "src\NerdStore.Vendas.Infraestructure\NerdStore.Vendas.Infraestructure.csproj", "{E9892600-8EE4-4AA6-A047-E9891E2C7660}"
EndProject
Global
	GlobalSection(SolutionConfigurationPlatforms) = preSolution
		Debug|Any CPU = Debug|Any CPU
		Release|Any CPU = Release|Any CPU
	EndGlobalSection
	GlobalSection(ProjectConfigurationPlatforms) = postSolution
		{3C55EB73-0A13-41A0-88BA-116BFCD7E560}.Debug|Any CPU.ActiveCfg = Debug|Any CPU
		{3C55EB73-0A13-41A0-88BA-116BFCD7E560}.Debug|Any CPU.Build.0 = Debug|Any CPU
		{3C55EB73-0A13-41A0-88BA-116BFCD7E560}.Release|Any CPU.ActiveCfg = Release|Any CPU
		{3C55EB73-0A13-41A0-88BA-116BFCD7E560}.Release|Any CPU.Build.0 = Release|Any CPU
		{FB581E6A-2959-4C30-BFCB-D6944AC30142}.Debug|Any CPU.ActiveCfg = Debug|Any CPU
		{FB581E6A-2959-4C30-BFCB-D6944AC30142}.Debug|Any CPU.Build.0 = Debug|Any CPU
		{FB581E6A-2959-4C30-BFCB-D6944AC30142}.Release|Any CPU.ActiveCfg = Release|Any CPU
		{FB581E6A-2959-4C30-BFCB-D6944AC30142}.Release|Any CPU.Build.0 = Release|Any CPU
		{DD956A2E-1F91-4E96-AFD1-0ED50F0C2C24}.Debug|Any CPU.ActiveCfg = Debug|Any CPU
		{DD956A2E-1F91-4E96-AFD1-0ED50F0C2C24}.Debug|Any CPU.Build.0 = Debug|Any CPU
		{DD956A2E-1F91-4E96-AFD1-0ED50F0C2C24}.Release|Any CPU.ActiveCfg = Release|Any CPU
		{DD956A2E-1F91-4E96-AFD1-0ED50F0C2C24}.Release|Any CPU.Build.0 = Release|Any CPU
		{9ABF0788-7D15-4FC9-81B1-E4D7A4B650F2}.Debug|Any CPU.ActiveCfg = Debug|Any CPU
		{9ABF0788-7D15-4FC9-81B1-E4D7A4B650F2}.Debug|Any CPU.Build.0 = Debug|Any CPU
		{9ABF0788-7D15-4FC9-81B1-E4D7A4B650F2}.Release|Any CPU.ActiveCfg = Release|Any CPU
		{9ABF0788-7D15-4FC9-81B1-E4D7A4B650F2}.Release|Any CPU.Build.0 = Release|Any CPU
		{1B6FBFDF-583B-4E50-8CF0-EB9FC1A2CA1E}.Debug|Any CPU.ActiveCfg = Debug|Any CPU
		{1B6FBFDF-583B-4E50-8CF0-EB9FC1A2CA1E}.Debug|Any CPU.Build.0 = Debug|Any CPU
		{1B6FBFDF-583B-4E50-8CF0-EB9FC1A2CA1E}.Release|Any CPU.ActiveCfg = Release|Any CPU
		{1B6FBFDF-583B-4E50-8CF0-EB9FC1A2CA1E}.Release|Any CPU.Build.0 = Release|Any CPU
		{BAD89852-A2C3-4072-B34E-DE893A26DA12}.Debug|Any CPU.ActiveCfg = Debug|Any CPU
		{BAD89852-A2C3-4072-B34E-DE893A26DA12}.Debug|Any CPU.Build.0 = Debug|Any CPU
		{BAD89852-A2C3-4072-B34E-DE893A26DA12}.Release|Any CPU.ActiveCfg = Release|Any CPU
		{BAD89852-A2C3-4072-B34E-DE893A26DA12}.Release|Any CPU.Build.0 = Release|Any CPU
		{1A39754D-B854-478F-9E19-287D1D9621CD}.Debug|Any CPU.ActiveCfg = Debug|Any CPU
		{1A39754D-B854-478F-9E19-287D1D9621CD}.Debug|Any CPU.Build.0 = Debug|Any CPU
		{1A39754D-B854-478F-9E19-287D1D9621CD}.Release|Any CPU.ActiveCfg = Release|Any CPU
		{1A39754D-B854-478F-9E19-287D1D9621CD}.Release|Any CPU.Build.0 = Release|Any CPU
		{2DB9F586-56FB-4C88-A064-3ADEA6AE89E2}.Debug|Any CPU.ActiveCfg = Debug|Any CPU
		{2DB9F586-56FB-4C88-A064-3ADEA6AE89E2}.Debug|Any CPU.Build.0 = Debug|Any CPU
		{2DB9F586-56FB-4C88-A064-3ADEA6AE89E2}.Release|Any CPU.ActiveCfg = Release|Any CPU
		{2DB9F586-56FB-4C88-A064-3ADEA6AE89E2}.Release|Any CPU.Build.0 = Release|Any CPU
		{E9892600-8EE4-4AA6-A047-E9891E2C7660}.Debug|Any CPU.ActiveCfg = Debug|Any CPU
		{E9892600-8EE4-4AA6-A047-E9891E2C7660}.Debug|Any CPU.Build.0 = Debug|Any CPU
		{E9892600-8EE4-4AA6-A047-E9891E2C7660}.Release|Any CPU.ActiveCfg = Release|Any CPU
		{E9892600-8EE4-4AA6-A047-E9891E2C7660}.Release|Any CPU.Build.0 = Release|Any CPU
	EndGlobalSection
	GlobalSection(SolutionProperties) = preSolution
		HideSolutionNode = FALSE
	EndGlobalSection
	GlobalSection(NestedProjects) = preSolution
		{67CF6320-E652-433A-BEC6-62729B724A9F} = {26BA9E31-4042-4473-9ACF-BA65E75A713D}
		{D9230FAE-6F73-4028-BF5D-774FCCCF4B97} = {26BA9E31-4042-4473-9ACF-BA65E75A713D}
		{3EB58499-31B0-4F74-B8BF-A8844A90E8BE} = {26BA9E31-4042-4473-9ACF-BA65E75A713D}
		{F53D52BF-3B36-4AE5-AA45-2A1B086C8623} = {26BA9E31-4042-4473-9ACF-BA65E75A713D}
		{0B3DC38E-9E9F-432E-95FC-00D8D6F63F33} = {26BA9E31-4042-4473-9ACF-BA65E75A713D}
		{33C02E3E-D5DE-47D3-A5B3-C77A2E58803A} = {26BA9E31-4042-4473-9ACF-BA65E75A713D}
		{3C55EB73-0A13-41A0-88BA-116BFCD7E560} = {67CF6320-E652-433A-BEC6-62729B724A9F}
		{FB581E6A-2959-4C30-BFCB-D6944AC30142} = {F53D52BF-3B36-4AE5-AA45-2A1B086C8623}
		{86C60A03-4ECE-41C3-891F-9FBD10F90E22} = {67CF6320-E652-433A-BEC6-62729B724A9F}
		{DD956A2E-1F91-4E96-AFD1-0ED50F0C2C24} = {86C60A03-4ECE-41C3-891F-9FBD10F90E22}
		{9ABF0788-7D15-4FC9-81B1-E4D7A4B650F2} = {67CF6320-E652-433A-BEC6-62729B724A9F}
		{1B6FBFDF-583B-4E50-8CF0-EB9FC1A2CA1E} = {67CF6320-E652-433A-BEC6-62729B724A9F}
		{BAD89852-A2C3-4072-B34E-DE893A26DA12} = {C62C190E-E815-484E-93F5-254B38E8CFAD}
		{1A39754D-B854-478F-9E19-287D1D9621CD} = {0B3DC38E-9E9F-432E-95FC-00D8D6F63F33}
		{2DB9F586-56FB-4C88-A064-3ADEA6AE89E2} = {0B3DC38E-9E9F-432E-95FC-00D8D6F63F33}
		{E9892600-8EE4-4AA6-A047-E9891E2C7660} = {0B3DC38E-9E9F-432E-95FC-00D8D6F63F33}
	EndGlobalSection
	GlobalSection(ExtensibilityGlobals) = postSolution
		SolutionGuid = {33471245-6042-4976-98DC-FF69B7AF8254}
	EndGlobalSection
EndGlobal
